// !$*UTF8*$!
{
	archiveVersion = 1;
	classes = {
	};
	objectVersion = 50;
	objects = {

/* Begin PBXBuildFile section */
		C506899E26D21CEF006D5963 /* AppDelegate.swift in Sources */ = {isa = PBXBuildFile; fileRef = C506899D26D21CEF006D5963 /* AppDelegate.swift */; };
		C50689A026D21CEF006D5963 /* SceneDelegate.swift in Sources */ = {isa = PBXBuildFile; fileRef = C506899F26D21CEF006D5963 /* SceneDelegate.swift */; };
		C50689A226D21CEF006D5963 /* ViewController.swift in Sources */ = {isa = PBXBuildFile; fileRef = C50689A126D21CEF006D5963 /* ViewController.swift */; };
		C50689A526D21CEF006D5963 /* Main.storyboard in Resources */ = {isa = PBXBuildFile; fileRef = C50689A326D21CEF006D5963 /* Main.storyboard */; };
		C50689A726D21CF0006D5963 /* Assets.xcassets in Resources */ = {isa = PBXBuildFile; fileRef = C50689A626D21CF0006D5963 /* Assets.xcassets */; };
		C50689AA26D21CF0006D5963 /* LaunchScreen.storyboard in Resources */ = {isa = PBXBuildFile; fileRef = C50689A826D21CF0006D5963 /* LaunchScreen.storyboard */; };
		C50689B526D21CF0006D5963 /* sampleGitTests.swift in Sources */ = {isa = PBXBuildFile; fileRef = C50689B426D21CF0006D5963 /* sampleGitTests.swift */; };
		C50689C026D21CF0006D5963 /* sampleGitUITests.swift in Sources */ = {isa = PBXBuildFile; fileRef = C50689BF26D21CF0006D5963 /* sampleGitUITests.swift */; };
/* End PBXBuildFile section */

/* Begin PBXContainerItemProxy section */
		C50689B126D21CF0006D5963 /* PBXContainerItemProxy */ = {
			isa = PBXContainerItemProxy;
			containerPortal = C506899226D21CEF006D5963 /* Project object */;
			proxyType = 1;
			remoteGlobalIDString = C506899926D21CEF006D5963;
			remoteInfo = sampleGit;
		};
		C50689BC26D21CF0006D5963 /* PBXContainerItemProxy */ = {
			isa = PBXContainerItemProxy;
			containerPortal = C506899226D21CEF006D5963 /* Project object */;
			proxyType = 1;
			remoteGlobalIDString = C506899926D21CEF006D5963;
			remoteInfo = sampleGit;
		};
/* End PBXContainerItemProxy section */

/* Begin PBXFileReference section */
		C506899A26D21CEF006D5963 /* sampleGit.app */ = {isa = PBXFileReference; explicitFileType = wrapper.application; includeInIndex = 0; path = sampleGit.app; sourceTree = BUILT_PRODUCTS_DIR; };
		C506899D26D21CEF006D5963 /* AppDelegate.swift */ = {isa = PBXFileReference; lastKnownFileType = sourcecode.swift; path = AppDelegate.swift; sourceTree = "<group>"; };
		C506899F26D21CEF006D5963 /* SceneDelegate.swift */ = {isa = PBXFileReference; lastKnownFileType = sourcecode.swift; path = SceneDelegate.swift; sourceTree = "<group>"; };
		C50689A126D21CEF006D5963 /* ViewController.swift */ = {isa = PBXFileReference; lastKnownFileType = sourcecode.swift; path = ViewController.swift; sourceTree = "<group>"; };
		C50689A426D21CEF006D5963 /* Base */ = {isa = PBXFileReference; lastKnownFileType = file.storyboard; name = Base; path = Base.lproj/Main.storyboard; sourceTree = "<group>"; };
		C50689A626D21CF0006D5963 /* Assets.xcassets */ = {isa = PBXFileReference; lastKnownFileType = folder.assetcatalog; path = Assets.xcassets; sourceTree = "<group>"; };
		C50689A926D21CF0006D5963 /* Base */ = {isa = PBXFileReference; lastKnownFileType = file.storyboard; name = Base; path = Base.lproj/LaunchScreen.storyboard; sourceTree = "<group>"; };
		C50689AB26D21CF0006D5963 /* Info.plist */ = {isa = PBXFileReference; lastKnownFileType = text.plist.xml; path = Info.plist; sourceTree = "<group>"; };
		C50689B026D21CF0006D5963 /* sampleGitTests.xctest */ = {isa = PBXFileReference; explicitFileType = wrapper.cfbundle; includeInIndex = 0; path = sampleGitTests.xctest; sourceTree = BUILT_PRODUCTS_DIR; };
		C50689B426D21CF0006D5963 /* sampleGitTests.swift */ = {isa = PBXFileReference; lastKnownFileType = sourcecode.swift; path = sampleGitTests.swift; sourceTree = "<group>"; };
		C50689B626D21CF0006D5963 /* Info.plist */ = {isa = PBXFileReference; lastKnownFileType = text.plist.xml; path = Info.plist; sourceTree = "<group>"; };
		C50689BB26D21CF0006D5963 /* sampleGitUITests.xctest */ = {isa = PBXFileReference; explicitFileType = wrapper.cfbundle; includeInIndex = 0; path = sampleGitUITests.xctest; sourceTree = BUILT_PRODUCTS_DIR; };
		C50689BF26D21CF0006D5963 /* sampleGitUITests.swift */ = {isa = PBXFileReference; lastKnownFileType = sourcecode.swift; path = sampleGitUITests.swift; sourceTree = "<group>"; };
		C50689C126D21CF0006D5963 /* Info.plist */ = {isa = PBXFileReference; lastKnownFileType = text.plist.xml; path = Info.plist; sourceTree = "<group>"; };
/* End PBXFileReference section */

/* Begin PBXFrameworksBuildPhase section */
		C506899726D21CEF006D5963 /* Frameworks */ = {
			isa = PBXFrameworksBuildPhase;
			buildActionMask = 2147483647;
			files = (
			);
			runOnlyForDeploymentPostprocessing = 0;
		};
		C50689AD26D21CF0006D5963 /* Frameworks */ = {
			isa = PBXFrameworksBuildPhase;
			buildActionMask = 2147483647;
			files = (
			);
			runOnlyForDeploymentPostprocessing = 0;
		};
		C50689B826D21CF0006D5963 /* Frameworks */ = {
			isa = PBXFrameworksBuildPhase;
			buildActionMask = 2147483647;
			files = (
			);
			runOnlyForDeploymentPostprocessing = 0;
		};
/* End PBXFrameworksBuildPhase section */

/* Begin PBXGroup section */
		C506899126D21CEF006D5963 = {
			isa = PBXGroup;
			children = (
				C506899C26D21CEF006D5963 /* sampleGit */,
				C50689B326D21CF0006D5963 /* sampleGitTests */,
				C50689BE26D21CF0006D5963 /* sampleGitUITests */,
				C506899B26D21CEF006D5963 /* Products */,
			);
			sourceTree = "<group>";
		};
		C506899B26D21CEF006D5963 /* Products */ = {
			isa = PBXGroup;
			children = (
				C506899A26D21CEF006D5963 /* sampleGit.app */,
				C50689B026D21CF0006D5963 /* sampleGitTests.xctest */,
				C50689BB26D21CF0006D5963 /* sampleGitUITests.xctest */,
			);
			name = Products;
			sourceTree = "<group>";
		};
		C506899C26D21CEF006D5963 /* sampleGit */ = {
			isa = PBXGroup;
			children = (
				C506899D26D21CEF006D5963 /* AppDelegate.swift */,
				C506899F26D21CEF006D5963 /* SceneDelegate.swift */,
				C50689A126D21CEF006D5963 /* ViewController.swift */,
				C50689A326D21CEF006D5963 /* Main.storyboard */,
				C50689A626D21CF0006D5963 /* Assets.xcassets */,
				C50689A826D21CF0006D5963 /* LaunchScreen.storyboard */,
				C50689AB26D21CF0006D5963 /* Info.plist */,
			);
			path = sampleGit;
			sourceTree = "<group>";
		};
		C50689B326D21CF0006D5963 /* sampleGitTests */ = {
			isa = PBXGroup;
			children = (
				C50689B426D21CF0006D5963 /* sampleGitTests.swift */,
				C50689B626D21CF0006D5963 /* Info.plist */,
			);
			path = sampleGitTests;
			sourceTree = "<group>";
		};
		C50689BE26D21CF0006D5963 /* sampleGitUITests */ = {
			isa = PBXGroup;
			children = (
				C50689BF26D21CF0006D5963 /* sampleGitUITests.swift */,
				C50689C126D21CF0006D5963 /* Info.plist */,
			);
			path = sampleGitUITests;
			sourceTree = "<group>";
		};
/* End PBXGroup section */

/* Begin PBXNativeTarget section */
		C506899926D21CEF006D5963 /* sampleGit */ = {
			isa = PBXNativeTarget;
			buildConfigurationList = C50689C426D21CF0006D5963 /* Build configuration list for PBXNativeTarget "sampleGit" */;
			buildPhases = (
				C506899626D21CEF006D5963 /* Sources */,
				C506899726D21CEF006D5963 /* Frameworks */,
				C506899826D21CEF006D5963 /* Resources */,
			);
			buildRules = (
			);
			dependencies = (
			);
			name = sampleGit;
			productName = sampleGit;
			productReference = C506899A26D21CEF006D5963 /* sampleGit.app */;
			productType = "com.apple.product-type.application";
		};
		C50689AF26D21CF0006D5963 /* sampleGitTests */ = {
			isa = PBXNativeTarget;
			buildConfigurationList = C50689C726D21CF0006D5963 /* Build configuration list for PBXNativeTarget "sampleGitTests" */;
			buildPhases = (
				C50689AC26D21CF0006D5963 /* Sources */,
				C50689AD26D21CF0006D5963 /* Frameworks */,
				C50689AE26D21CF0006D5963 /* Resources */,
			);
			buildRules = (
			);
			dependencies = (
				C50689B226D21CF0006D5963 /* PBXTargetDependency */,
			);
			name = sampleGitTests;
			productName = sampleGitTests;
			productReference = C50689B026D21CF0006D5963 /* sampleGitTests.xctest */;
			productType = "com.apple.product-type.bundle.unit-test";
		};
		C50689BA26D21CF0006D5963 /* sampleGitUITests */ = {
			isa = PBXNativeTarget;
			buildConfigurationList = C50689CA26D21CF0006D5963 /* Build configuration list for PBXNativeTarget "sampleGitUITests" */;
			buildPhases = (
				C50689B726D21CF0006D5963 /* Sources */,
				C50689B826D21CF0006D5963 /* Frameworks */,
				C50689B926D21CF0006D5963 /* Resources */,
			);
			buildRules = (
			);
			dependencies = (
				C50689BD26D21CF0006D5963 /* PBXTargetDependency */,
			);
			name = sampleGitUITests;
			productName = sampleGitUITests;
			productReference = C50689BB26D21CF0006D5963 /* sampleGitUITests.xctest */;
			productType = "com.apple.product-type.bundle.ui-testing";
		};
/* End PBXNativeTarget section */

/* Begin PBXProject section */
		C506899226D21CEF006D5963 /* Project object */ = {
			isa = PBXProject;
			attributes = {
				LastSwiftUpdateCheck = 1240;
				LastUpgradeCheck = 1240;
				TargetAttributes = {
					C506899926D21CEF006D5963 = {
						CreatedOnToolsVersion = 12.4;
					};
					C50689AF26D21CF0006D5963 = {
						CreatedOnToolsVersion = 12.4;
						TestTargetID = C506899926D21CEF006D5963;
					};
					C50689BA26D21CF0006D5963 = {
						CreatedOnToolsVersion = 12.4;
						TestTargetID = C506899926D21CEF006D5963;
					};
				};
			};
			buildConfigurationList = C506899526D21CEF006D5963 /* Build configuration list for PBXProject "sampleGit" */;
			compatibilityVersion = "Xcode 9.3";
			developmentRegion = en;
			hasScannedForEncodings = 0;
			knownRegions = (
				en,
				Base,
			);
			mainGroup = C506899126D21CEF006D5963;
			productRefGroup = C506899B26D21CEF006D5963 /* Products */;
			projectDirPath = "";
			projectRoot = "";
			targets = (
				C506899926D21CEF006D5963 /* sampleGit */,
				C50689AF26D21CF0006D5963 /* sampleGitTests */,
				C50689BA26D21CF0006D5963 /* sampleGitUITests */,
			);
		};
/* End PBXProject section */

/* Begin PBXResourcesBuildPhase section */
		C506899826D21CEF006D5963 /* Resources */ = {
			isa = PBXResourcesBuildPhase;
			buildActionMask = 2147483647;
			files = (
				C50689AA26D21CF0006D5963 /* LaunchScreen.storyboard in Resources */,
				C50689A726D21CF0006D5963 /* Assets.xcassets in Resources */,
				C50689A526D21CEF006D5963 /* Main.storyboard in Resources */,
			);
			runOnlyForDeploymentPostprocessing = 0;
		};
		C50689AE26D21CF0006D5963 /* Resources */ = {
			isa = PBXResourcesBuildPhase;
			buildActionMask = 2147483647;
			files = (
			);
			runOnlyForDeploymentPostprocessing = 0;
		};
		C50689B926D21CF0006D5963 /* Resources */ = {
			isa = PBXResourcesBuildPhase;
			buildActionMask = 2147483647;
			files = (
			);
			runOnlyForDeploymentPostprocessing = 0;
		};
/* End PBXResourcesBuildPhase section */

/* Begin PBXSourcesBuildPhase section */
		C506899626D21CEF006D5963 /* Sources */ = {
			isa = PBXSourcesBuildPhase;
			buildActionMask = 2147483647;
			files = (
				C50689A226D21CEF006D5963 /* ViewController.swift in Sources */,
				C506899E26D21CEF006D5963 /* AppDelegate.swift in Sources */,
				C50689A026D21CEF006D5963 /* SceneDelegate.swift in Sources */,
			);
			runOnlyForDeploymentPostprocessing = 0;
		};
		C50689AC26D21CF0006D5963 /* Sources */ = {
			isa = PBXSourcesBuildPhase;
			buildActionMask = 2147483647;
			files = (
				C50689B526D21CF0006D5963 /* sampleGitTests.swift in Sources */,
			);
			runOnlyForDeploymentPostprocessing = 0;
		};
		C50689B726D21CF0006D5963 /* Sources */ = {
			isa = PBXSourcesBuildPhase;
			buildActionMask = 2147483647;
			files = (
				C50689C026D21CF0006D5963 /* sampleGitUITests.swift in Sources */,
			);
			runOnlyForDeploymentPostprocessing = 0;
		};
/* End PBXSourcesBuildPhase section */

/* Begin PBXTargetDependency section */
		C50689B226D21CF0006D5963 /* PBXTargetDependency */ = {
			isa = PBXTargetDependency;
			target = C506899926D21CEF006D5963 /* sampleGit */;
			targetProxy = C50689B126D21CF0006D5963 /* PBXContainerItemProxy */;
		};
		C50689BD26D21CF0006D5963 /* PBXTargetDependency */ = {
			isa = PBXTargetDependency;
			target = C506899926D21CEF006D5963 /* sampleGit */;
			targetProxy = C50689BC26D21CF0006D5963 /* PBXContainerItemProxy */;
		};
/* End PBXTargetDependency section */

/* Begin PBXVariantGroup section */
		C50689A326D21CEF006D5963 /* Main.storyboard */ = {
			isa = PBXVariantGroup;
			children = (
				C50689A426D21CEF006D5963 /* Base */,
			);
			name = Main.storyboard;
			sourceTree = "<group>";
		};
		C50689A826D21CF0006D5963 /* LaunchScreen.storyboard */ = {
			isa = PBXVariantGroup;
			children = (
				C50689A926D21CF0006D5963 /* Base */,
			);
			name = LaunchScreen.storyboard;
			sourceTree = "<group>";
		};
/* End PBXVariantGroup section */

/* Begin XCBuildConfiguration section */
		C50689C226D21CF0006D5963 /* Debug */ = {
			isa = XCBuildConfiguration;
			buildSettings = {
				ALWAYS_SEARCH_USER_PATHS = NO;
				CLANG_ANALYZER_NONNULL = YES;
				CLANG_ANALYZER_NUMBER_OBJECT_CONVERSION = YES_AGGRESSIVE;
				CLANG_CXX_LANGUAGE_STANDARD = "gnu++14";
				CLANG_CXX_LIBRARY = "libc++";
				CLANG_ENABLE_MODULES = YES;
				CLANG_ENABLE_OBJC_ARC = YES;
				CLANG_ENABLE_OBJC_WEAK = YES;
				CLANG_WARN_BLOCK_CAPTURE_AUTORELEASING = YES;
				CLANG_WARN_BOOL_CONVERSION = YES;
				CLANG_WARN_COMMA = YES;
				CLANG_WARN_CONSTANT_CONVERSION = YES;
				CLANG_WARN_DEPRECATED_OBJC_IMPLEMENTATIONS = YES;
				CLANG_WARN_DIRECT_OBJC_ISA_USAGE = YES_ERROR;
				CLANG_WARN_DOCUMENTATION_COMMENTS = YES;
				CLANG_WARN_EMPTY_BODY = YES;
				CLANG_WARN_ENUM_CONVERSION = YES;
				CLANG_WARN_INFINITE_RECURSION = YES;
				CLANG_WARN_INT_CONVERSION = YES;
				CLANG_WARN_NON_LITERAL_NULL_CONVERSION = YES;
				CLANG_WARN_OBJC_IMPLICIT_RETAIN_SELF = YES;
				CLANG_WARN_OBJC_LITERAL_CONVERSION = YES;
				CLANG_WARN_OBJC_ROOT_CLASS = YES_ERROR;
				CLANG_WARN_QUOTED_INCLUDE_IN_FRAMEWORK_HEADER = YES;
				CLANG_WARN_RANGE_LOOP_ANALYSIS = YES;
				CLANG_WARN_STRICT_PROTOTYPES = YES;
				CLANG_WARN_SUSPICIOUS_MOVE = YES;
				CLANG_WARN_UNGUARDED_AVAILABILITY = YES_AGGRESSIVE;
				CLANG_WARN_UNREACHABLE_CODE = YES;
				CLANG_WARN__DUPLICATE_METHOD_MATCH = YES;
				COPY_PHASE_STRIP = NO;
				DEBUG_INFORMATION_FORMAT = dwarf;
				ENABLE_STRICT_OBJC_MSGSEND = YES;
				ENABLE_TESTABILITY = YES;
				GCC_C_LANGUAGE_STANDARD = gnu11;
				GCC_DYNAMIC_NO_PIC = NO;
				GCC_NO_COMMON_BLOCKS = YES;
				GCC_OPTIMIZATION_LEVEL = 0;
				GCC_PREPROCESSOR_DEFINITIONS = (
					"DEBUG=1",
					"$(inherited)",
				);
				GCC_WARN_64_TO_32_BIT_CONVERSION = YES;
				GCC_WARN_ABOUT_RETURN_TYPE = YES_ERROR;
				GCC_WARN_UNDECLARED_SELECTOR = YES;
				GCC_WARN_UNINITIALIZED_AUTOS = YES_AGGRESSIVE;
				GCC_WARN_UNUSED_FUNCTION = YES;
				GCC_WARN_UNUSED_VARIABLE = YES;
				IPHONEOS_DEPLOYMENT_TARGET = 14.4;
				MTL_ENABLE_DEBUG_INFO = INCLUDE_SOURCE;
				MTL_FAST_MATH = YES;
				ONLY_ACTIVE_ARCH = YES;
				SDKROOT = iphoneos;
				SWIFT_ACTIVE_COMPILATION_CONDITIONS = DEBUG;
				SWIFT_OPTIMIZATION_LEVEL = "-Onone";
			};
			name = Debug;
		};
		C50689C326D21CF0006D5963 /* Release */ = {
			isa = XCBuildConfiguration;
			buildSettings = {
				ALWAYS_SEARCH_USER_PATHS = NO;
				CLANG_ANALYZER_NONNULL = YES;
				CLANG_ANALYZER_NUMBER_OBJECT_CONVERSION = YES_AGGRESSIVE;
				CLANG_CXX_LANGUAGE_STANDARD = "gnu++14";
				CLANG_CXX_LIBRARY = "libc++";
				CLANG_ENABLE_MODULES = YES;
				CLANG_ENABLE_OBJC_ARC = YES;
				CLANG_ENABLE_OBJC_WEAK = YES;
				CLANG_WARN_BLOCK_CAPTURE_AUTORELEASING = YES;
				CLANG_WARN_BOOL_CONVERSION = YES;
				CLANG_WARN_COMMA = YES;
				CLANG_WARN_CONSTANT_CONVERSION = YES;
				CLANG_WARN_DEPRECATED_OBJC_IMPLEMENTATIONS = YES;
				CLANG_WARN_DIRECT_OBJC_ISA_USAGE = YES_ERROR;
				CLANG_WARN_DOCUMENTATION_COMMENTS = YES;
				CLANG_WARN_EMPTY_BODY = YES;
				CLANG_WARN_ENUM_CONVERSION = YES;
				CLANG_WARN_INFINITE_RECURSION = YES;
				CLANG_WARN_INT_CONVERSION = YES;
				CLANG_WARN_NON_LITERAL_NULL_CONVERSION = YES;
				CLANG_WARN_OBJC_IMPLICIT_RETAIN_SELF = YES;
				CLANG_WARN_OBJC_LITERAL_CONVERSION = YES;
				CLANG_WARN_OBJC_ROOT_CLASS = YES_ERROR;
				CLANG_WARN_QUOTED_INCLUDE_IN_FRAMEWORK_HEADER = YES;
				CLANG_WARN_RANGE_LOOP_ANALYSIS = YES;
				CLANG_WARN_STRICT_PROTOTYPES = YES;
				CLANG_WARN_SUSPICIOUS_MOVE = YES;
				CLANG_WARN_UNGUARDED_AVAILABILITY = YES_AGGRESSIVE;
				CLANG_WARN_UNREACHABLE_CODE = YES;
				CLANG_WARN__DUPLICATE_METHOD_MATCH = YES;
				COPY_PHASE_STRIP = NO;
				DEBUG_INFORMATION_FORMAT = "dwarf-with-dsym";
				ENABLE_NS_ASSERTIONS = NO;
				ENABLE_STRICT_OBJC_MSGSEND = YES;
				GCC_C_LANGUAGE_STANDARD = gnu11;
				GCC_NO_COMMON_BLOCKS = YES;
				GCC_WARN_64_TO_32_BIT_CONVERSION = YES;
				GCC_WARN_ABOUT_RETURN_TYPE = YES_ERROR;
				GCC_WARN_UNDECLARED_SELECTOR = YES;
				GCC_WARN_UNINITIALIZED_AUTOS = YES_AGGRESSIVE;
				GCC_WARN_UNUSED_FUNCTION = YES;
				GCC_WARN_UNUSED_VARIABLE = YES;
				IPHONEOS_DEPLOYMENT_TARGET = 14.4;
				MTL_ENABLE_DEBUG_INFO = NO;
				MTL_FAST_MATH = YES;
				SDKROOT = iphoneos;
				SWIFT_COMPILATION_MODE = wholemodule;
				SWIFT_OPTIMIZATION_LEVEL = "-O";
				VALIDATE_PRODUCT = YES;
			};
			name = Release;
		};
		C50689C526D21CF0006D5963 /* Debug */ = {
			isa = XCBuildConfiguration;
			buildSettings = {
				ASSETCATALOG_COMPILER_APPICON_NAME = AppIcon;
				ASSETCATALOG_COMPILER_GLOBAL_ACCENT_COLOR_NAME = AccentColor;
				CODE_SIGN_STYLE = Automatic;
				DEVELOPMENT_TEAM = 737XJB84YA;
				INFOPLIST_FILE = sampleGit/Info.plist;
				LD_RUNPATH_SEARCH_PATHS = (
					"$(inherited)",
					"@executable_path/Frameworks",
				);
				PRODUCT_BUNDLE_IDENTIFIER = com.fuchi.sampleGit;
				PRODUCT_NAME = "$(TARGET_NAME)";
				SWIFT_VERSION = 5.0;
				TARGETED_DEVICE_FAMILY = "1,2";
			};
			name = Debug;
		};
		C50689C626D21CF0006D5963 /* Release */ = {
			isa = XCBuildConfiguration;
			buildSettings = {
				ASSETCATALOG_COMPILER_APPICON_NAME = AppIcon;
				ASSETCATALOG_COMPILER_GLOBAL_ACCENT_COLOR_NAME = AccentColor;
				CODE_SIGN_STYLE = Automatic;
				DEVELOPMENT_TEAM = 737XJB84YA;
				INFOPLIST_FILE = sampleGit/Info.plist;
				LD_RUNPATH_SEARCH_PATHS = (
					"$(inherited)",
					"@executable_path/Frameworks",
				);
				PRODUCT_BUNDLE_IDENTIFIER = com.fuchi.sampleGit;
				PRODUCT_NAME = "$(TARGET_NAME)";
				SWIFT_VERSION = 5.0;
				TARGETED_DEVICE_FAMILY = "1,2";
			};
			name = Release;
		};
		C50689C826D21CF0006D5963 /* Debug */ = {
			isa = XCBuildConfiguration;
			buildSettings = {
				ALWAYS_EMBED_SWIFT_STANDARD_LIBRARIES = YES;
				BUNDLE_LOADER = "$(TEST_HOST)";
				CODE_SIGN_STYLE = Automatic;
				DEVELOPMENT_TEAM = 737XJB84YA;
				INFOPLIST_FILE = sampleGitTests/Info.plist;
				IPHONEOS_DEPLOYMENT_TARGET = 14.4;
				LD_RUNPATH_SEARCH_PATHS = (
					"$(inherited)",
					"@executable_path/Frameworks",
					"@loader_path/Frameworks",
				);
				PRODUCT_BUNDLE_IDENTIFIER = com.fuchi.sampleGitTests;
				PRODUCT_NAME = "$(TARGET_NAME)";
				SWIFT_VERSION = 5.0;
				TARGETED_DEVICE_FAMILY = "1,2";
				TEST_HOST = "$(BUILT_PRODUCTS_DIR)/sampleGit.app/sampleGit";
			};
			name = Debug;
		};
		C50689C926D21CF0006D5963 /* Release */ = {
			isa = XCBuildConfiguration;
			buildSettings = {
				ALWAYS_EMBED_SWIFT_STANDARD_LIBRARIES = YES;
				BUNDLE_LOADER = "$(TEST_HOST)";
				CODE_SIGN_STYLE = Automatic;
				DEVELOPMENT_TEAM = 737XJB84YA;
				INFOPLIST_FILE = sampleGitTests/Info.plist;
				IPHONEOS_DEPLOYMENT_TARGET = 14.4;
				LD_RUNPATH_SEARCH_PATHS = (
					"$(inherited)",
					"@executable_path/Frameworks",
					"@loader_path/Frameworks",
				);
				PRODUCT_BUNDLE_IDENTIFIER = com.fuchi.sampleGitTests;
				PRODUCT_NAME = "$(TARGET_NAME)";
				SWIFT_VERSION = 5.0;
				TARGETED_DEVICE_FAMILY = "1,2";
				TEST_HOST = "$(BUILT_PRODUCTS_DIR)/sampleGit.app/sampleGit";
			};
			name = Release;
		};
		C50689CB26D21CF0006D5963 /* Debug */ = {
			isa = XCBuildConfiguration;
			buildSettings = {
				ALWAYS_EMBED_SWIFT_STANDARD_LIBRARIES = YES;
				CODE_SIGN_STYLE = Automatic;
				DEVELOPMENT_TEAM = 737XJB84YA;
				INFOPLIST_FILE = sampleGitUITests/Info.plist;
				LD_RUNPATH_SEARCH_PATHS = (
					"$(inherited)",
					"@executable_path/Frameworks",
					"@loader_path/Frameworks",
				);
				PRODUCT_BUNDLE_IDENTIFIER = com.fuchi.sampleGitUITests;
				PRODUCT_NAME = "$(TARGET_NAME)";
				SWIFT_VERSION = 5.0;
				TARGETED_DEVICE_FAMILY = "1,2";
				TEST_TARGET_NAME = sampleGit;
			};
			name = Debug;
		};
		C50689CC26D21CF0006D5963 /* Release */ = {
			isa = XCBuildConfiguration;
			buildSettings = {
				ALWAYS_EMBED_SWIFT_STANDARD_LIBRARIES = YES;
				CODE_SIGN_STYLE = Automatic;
				DEVELOPMENT_TEAM = 737XJB84YA;
				INFOPLIST_FILE = sampleGitUITests/Info.plist;
				LD_RUNPATH_SEARCH_PATHS = (
					"$(inherited)",
					"@executable_path/Frameworks",
					"@loader_path/Frameworks",
				);
				PRODUCT_BUNDLE_IDENTIFIER = com.fuchi.sampleGitUITests;
				PRODUCT_NAME = "$(TARGET_NAME)";
				SWIFT_VERSION = 5.0;
				TARGETED_DEVICE_FAMILY = "1,2";
				TEST_TARGET_NAME = sampleGit;
			};
			name = Release;
		};
/* End XCBuildConfiguration section */

/* Begin XCConfigurationList section */
		C506899526D21CEF006D5963 /* Build configuration list for PBXProject "sampleGit" */ = {
			isa = XCConfigurationList;
			buildConfigurations = (
				C50689C226D21CF0006D5963 /* Debug */,
				C50689C326D21CF0006D5963 /* Release */,
			);
			defaultConfigurationIsVisible = 0;
			defaultConfigurationName = Release;
		};
		C50689C426D21CF0006D5963 /* Build configuration list for PBXNativeTarget "sampleGit" */ = {
			isa = XCConfigurationList;
			buildConfigurations = (
				C50689C526D21CF0006D5963 /* Debug */,
				C50689C626D21CF0006D5963 /* Release */,
			);
			defaultConfigurationIsVisible = 0;
			defaultConfigurationName = Release;
		};
		C50689C726D21CF0006D5963 /* Build configuration list for PBXNativeTarget "sampleGitTests" */ = {
			isa = XCConfigurationList;
			buildConfigurations = (
				C50689C826D21CF0006D5963 /* Debug */,
				C50689C926D21CF0006D5963 /* Release */,
			);
			defaultConfigurationIsVisible = 0;
			defaultConfigurationName = Release;
		};
		C50689CA26D21CF0006D5963 /* Build configuration list for PBXNativeTarget "sampleGitUITests" */ = {
			isa = XCConfigurationList;
			buildConfigurations = (
				C50689CB26D21CF0006D5963 /* Debug */,
				C50689CC26D21CF0006D5963 /* Release */,
			);
			defaultConfigurationIsVisible = 0;
			defaultConfigurationName = Release;
		};
/* End XCConfigurationList section */
	};
	rootObject = C506899226D21CEF006D5963 /* Project object */;
}
